{
  "name": "kozmos-auth",
  "lockfileVersion": 3,
  "requires": true,
  "packages": {
    "": {
      "name": "kozmos-auth",
      "workspaces": [
        "apps/*",
        "packages/*"
      ],
      "devDependencies": {
        "prettier": "^3.7.4",
        "turbo": "^2.10.4",
        "typescript": "5.9.2"
      },
      "engines": {
        "node": ">=18"
      }
    },
    "apps/docs": {
      "version": "0.1.0",
      "extraneous": true,
      "dependencies": {
        "@repo/ui": "*",
        "next": "16.2.0",
        "react": "^19.2.0",
        "react-dom": "^19.2.0"
      },
      "devDependencies": {
        "@repo/eslint-config": "*",
        "@repo/typescript-config": "*",
        "@types/node": "^22.15.3",
        "@types/react": "19.2.2",
        "@types/react-dom": "19.2.2",
        "eslint": "^9.39.1",
        "typescript": "5.9.2"
      }
    },
    "apps/web": {
      "version": "0.1.0",
      "extraneous": true,
      "dependencies": {
        "@repo/ui": "*",
        "next": "16.2.0",
        "react": "^19.2.0",
        "react-dom": "^19.2.0"
      },
      "devDependencies": {
        "@repo/eslint-config": "*",
        "@repo/typescript-config": "*",
        "@types/node": "^22.15.3",
        "@types/react": "19.2.2",
        "@types/react-dom": "19.2.2",
        "eslint": "^9.39.1",
        "typescript": "5.9.2"
      }
    },
    "node_modules/@turbo/darwin-64": {
      "version": "2.10.4",
      "resolved": "https://registry.npmjs.org/@turbo/darwin-64/-/darwin-64-2.10.4.tgz",
      "integrity": "sha512-m1MUEI4MJ69r5CwfMYxmHi0H0rrgiYCBOp0tgBZ9x/YVvOb5uu/lRIDyDwdtH054R2yWeQaIigUGu6aCX9f8cA==",
      "cpu": [
        "x64"
      ],
      "dev": true,
      "license": "MIT",
      "optional": true,
      "os": [
        "darwin"
      ]
    },
    "node_modules/@turbo/darwin-arm64": {
      "version": "2.10.4",
      "resolved": "https://registry.npmjs.org/@turbo/darwin-arm64/-/darwin-arm64-2.10.4.tgz",
      "integrity": "sha512-VQ1Yxs5zkPT+2z7t1P4mvn6JmcKLkOCAsPuK9XbOvuVj0DlTlETfIXNisX0771v/vTWHOQqiwoGi+TtAUq8efw==",
      "cpu": [
        "arm64"
      ],
      "dev": true,
      "license": "MIT",
      "optional": true,
      "os": [
        "darwin"
      ]
    },
    "node_modules/@turbo/linux-64": {
      "version": "2.10.4",
      "resolved": "https://registry.npmjs.org/@turbo/linux-64/-/linux-64-2.10.4.tgz",
      "integrity": "sha512-IzV1QovmwX7mfGnVinmE++2IB8tbeo38weltiuH5zNqwCTBjLs/DytyRKx+bmnhHdXIq9SheR8p0Nip/LBUPHg==",
      "cpu": [
        "x64"
      ],
      "dev": true,
      "license": "MIT",
      "optional": true,
      "os": [
        "linux"
      ]
    },
    "node_modules/@turbo/linux-arm64": {
      "version": "2.10.4",
      "resolved": "https://registry.npmjs.org/@turbo/linux-arm64/-/linux-arm64-2.10.4.tgz",
      "integrity": "sha512-rfujSQkP5aYiRn0PgTM7F00WkJCP/bKDVZbOx3WmrZwa/vHA0bplhCl328kpX7VI9HH2vI90ISGwuSVgJgoqTw==",
      "cpu": [
        "arm64"
      ],
      "dev": true,
      "license": "MIT",
      "optional": true,
      "os": [
        "linux"
      ]
    },
    "node_modules/@turbo/windows-64": {
      "version": "2.10.4",
      "resolved": "https://registry.npmjs.org/@turbo/windows-64/-/windows-64-2.10.4.tgz",
      "integrity": "sha512-NnspP7Wd5fa3Wwnqv9bKfhegqZzuHBgbPxdZU/idTLQcazx/vgKu95JlCx2YHY0hdvKCnPcARrDwM+KEUmaO7A==",
      "cpu": [
        "x64"
      ],
      "dev": true,
      "license": "MIT",
      "optional": true,
      "os": [
        "win32"
      ]
    },
    "node_modules/@turbo/windows-arm64": {
      "version": "2.10.4",
      "resolved": "https://registry.npmjs.org/@turbo/windows-arm64/-/windows-arm64-2.10.4.tgz",
      "integrity": "sha512-Iv02YgOpaEShc2OkG7mgCJ2pEw1RUKiKbs0h8W5wAf4jZ5vpmraTEjuGTgHRuOORQnC1GN3KHo5WB+hu1abRMA==",
      "cpu": [
        "arm64"
      ],
      "dev": true,
      "license": "MIT",
      "optional": true,
      "os": [
        "win32"
      ]
    },
    "node_modules/prettier": {
      "version": "3.9.4",
      "resolved": "https://registry.npmjs.org/prettier/-/prettier-3.9.4.tgz",
      "integrity": "sha512-yWG/o/4oJfo036EKAfK6ACAoDOfHeRHx4tuxkfBZiauURiaSmYwlpOr5LQqKtIkRD2z1PLteme2WoxEnj4tHTg==",
      "dev": true,
      "license": "MIT",
      "bin": {
        "prettier": "bin/prettier.cjs"
      },
      "engines": {
        "node": ">=14"
      },
      "funding": {
        "url": "https://github.com/prettier/prettier?sponsor=1"
      }
    },
    "node_modules/turbo": {
      "version": "2.10.4",
      "resolved": "https://registry.npmjs.org/turbo/-/turbo-2.10.4.tgz",
      "integrity": "sha512-GQpduILaKjoaGljw097ScsSyKTtZSY7cZ3bJktzfTkPMyCf3ShKLuXK2IaOEN2Plziml+ArR7WJ1m+V4VbnaKQ==",
      "dev": true,
      "license": "MIT",
      "bin": {
        "turbo": "bin/turbo"
      },
      "optionalDependencies": {
        "@turbo/darwin-64": "2.10.4",
        "@turbo/darwin-arm64": "2.10.4",
        "@turbo/linux-64": "2.10.4",
        "@turbo/linux-arm64": "2.10.4",
        "@turbo/windows-64": "2.10.4",
        "@turbo/windows-arm64": "2.10.4"
      }
    },
    "node_modules/typescript": {
      "version": "5.9.2",
      "resolved": "https://registry.npmjs.org/typescript/-/typescript-5.9.2.tgz",
      "integrity": "sha512-CWBzXQrc/qOkhidw1OzBTQuYRbfyxDXJMVJ1XNwUHGROVmuaeiEm3OslpZ1RV96d7SKKjZKrSJu3+t/xlw3R9A==",
      "dev": true,
      "license": "Apache-2.0",
      "bin": {
        "tsc": "bin/tsc",
        "tsserver": "bin/tsserver"
      },
      "engines": {
        "node": ">=14.17"
      }
    },
    "packages/eslint-config": {
      "name": "@repo/eslint-config",
      "version": "0.0.0",
      "extraneous": true,
      "devDependencies": {
        "@eslint/js": "^9.39.1",
        "@next/eslint-plugin-next": "^16.2.0",
        "eslint": "^9.39.1",
        "eslint-config-prettier": "^10.1.1",
        "eslint-plugin-only-warn": "^1.1.0",
        "eslint-plugin-react": "^7.37.5",
        "eslint-plugin-react-hooks": "^5.2.0",
        "eslint-plugin-turbo": "^2.7.1",
        "globals": "^16.5.0",
        "typescript": "^5.9.2",
        "typescript-eslint": "^8.50.0"
      }
    },
    "packages/typescript-config": {
      "name": "@repo/typescript-config",
      "version": "0.0.0",
      "extraneous": true,
      "license": "MIT"
    },
    "packages/ui": {
      "name": "@repo/ui",
      "version": "0.0.0",
      "extraneous": true,
      "dependencies": {
        "react": "^19.2.0",
        "react-dom": "^19.2.0"
      },
      "devDependencies": {
        "@repo/eslint-config": "*",
        "@repo/typescript-config": "*",
        "@types/node": "^22.15.3",
        "@types/react": "19.2.2",
        "@types/react-dom": "19.2.2",
        "eslint": "^9.39.1",
        "typescript": "5.9.2"
      }
    }
  }
}
